// !$*UTF8*$!
{
	archiveVersion = 1;
	classes = {
	};
	objectVersion = 46;
	objects = {

/* Begin PBXBuildFile section */
		B32222661AEA144300EE0DD6 /* DKModifierGroupTests.m in Sources */ = {isa = PBXBuildFile; fileRef = B32222651AEA144300EE0DD6 /* DKModifierGroupTests.m */; };
		B323F4521B422FB200DA1FCA /* DKRogue5E.h in Headers */ = {isa = PBXBuildFile; fileRef = B323F4501B422FB200DA1FCA /* DKRogue5E.h */; settings = {ATTRIBUTES = (Public, ); }; };
		B323F4531B422FB200DA1FCA /* DKRogue5E.m in Sources */ = {isa = PBXBuildFile; fileRef = B323F4511B422FB200DA1FCA /* DKRogue5E.m */; };
		B323F46A1B43C41900DA1FCA /* DKAbilities5E.h in Headers */ = {isa = PBXBuildFile; fileRef = B323F45C1B43C41900DA1FCA /* DKAbilities5E.h */; settings = {ATTRIBUTES = (Public, ); }; };
		B323F46B1B43C41900DA1FCA /* DKAbilities5E.m in Sources */ = {isa = PBXBuildFile; fileRef = B323F45D1B43C41900DA1FCA /* DKAbilities5E.m */; };
		B323F46C1B43C41900DA1FCA /* DKCurrency5E.h in Headers */ = {isa = PBXBuildFile; fileRef = B323F45E1B43C41900DA1FCA /* DKCurrency5E.h */; settings = {ATTRIBUTES = (Public, ); }; };
		B323F46D1B43C41900DA1FCA /* DKCurrency5E.m in Sources */ = {isa = PBXBuildFile; fileRef = B323F45F1B43C41900DA1FCA /* DKCurrency5E.m */; };
		B323F46E1B43C41900DA1FCA /* DKEquipment5E.h in Headers */ = {isa = PBXBuildFile; fileRef = B323F4601B43C41900DA1FCA /* DKEquipment5E.h */; settings = {ATTRIBUTES = (Public, ); }; };
		B323F46F1B43C41900DA1FCA /* DKEquipment5E.m in Sources */ = {isa = PBXBuildFile; fileRef = B323F4611B43C41900DA1FCA /* DKEquipment5E.m */; };
		B323F4701B43C41900DA1FCA /* DKSavingThrows5E.h in Headers */ = {isa = PBXBuildFile; fileRef = B323F4621B43C41900DA1FCA /* DKSavingThrows5E.h */; settings = {ATTRIBUTES = (Public, ); }; };
		B323F4711B43C41900DA1FCA /* DKSavingThrows5E.m in Sources */ = {isa = PBXBuildFile; fileRef = B323F4631B43C41900DA1FCA /* DKSavingThrows5E.m */; };
		B323F4721B43C41900DA1FCA /* DKSkills5E.h in Headers */ = {isa = PBXBuildFile; fileRef = B323F4641B43C41900DA1FCA /* DKSkills5E.h */; settings = {ATTRIBUTES = (Public, ); }; };
		B323F4731B43C41900DA1FCA /* DKSkills5E.m in Sources */ = {isa = PBXBuildFile; fileRef = B323F4651B43C41900DA1FCA /* DKSkills5E.m */; };
		B323F4741B43C41900DA1FCA /* DKSpellbook5E.h in Headers */ = {isa = PBXBuildFile; fileRef = B323F4661B43C41900DA1FCA /* DKSpellbook5E.h */; settings = {ATTRIBUTES = (Public, ); }; };
		B323F4751B43C41900DA1FCA /* DKSpellbook5E.m in Sources */ = {isa = PBXBuildFile; fileRef = B323F4671B43C41900DA1FCA /* DKSpellbook5E.m */; };
		B323F4761B43C41900DA1FCA /* DKSpells5E.h in Headers */ = {isa = PBXBuildFile; fileRef = B323F4681B43C41900DA1FCA /* DKSpells5E.h */; settings = {ATTRIBUTES = (Public, ); }; };
		B323F4771B43C41900DA1FCA /* DKSpells5E.m in Sources */ = {isa = PBXBuildFile; fileRef = B323F4691B43C41900DA1FCA /* DKSpells5E.m */; };
		B323F47A1B43C48600DA1FCA /* DKCharacter5E.h in Headers */ = {isa = PBXBuildFile; fileRef = B323F4781B43C48600DA1FCA /* DKCharacter5E.h */; settings = {ATTRIBUTES = (Public, ); }; };
		B323F47B1B43C48600DA1FCA /* DKCharacter5E.m in Sources */ = {isa = PBXBuildFile; fileRef = B323F4791B43C48600DA1FCA /* DKCharacter5E.m */; };
		B323F47E1B43C4AE00DA1FCA /* DKStatisticGroupIDs5E.h in Headers */ = {isa = PBXBuildFile; fileRef = B323F47C1B43C4AE00DA1FCA /* DKStatisticGroupIDs5E.h */; settings = {ATTRIBUTES = (Public, ); }; };
		B323F47F1B43C4AE00DA1FCA /* DKStatisticGroupIDs5E.m in Sources */ = {isa = PBXBuildFile; fileRef = B323F47D1B43C4AE00DA1FCA /* DKStatisticGroupIDs5E.m */; };
		B323F4821B43C96C00DA1FCA /* DKStatisticGroup5E.h in Headers */ = {isa = PBXBuildFile; fileRef = B323F4801B43C96C00DA1FCA /* DKStatisticGroup5E.h */; settings = {ATTRIBUTES = (Public, ); }; };
		B323F4831B43C96C00DA1FCA /* DKStatisticGroup5E.m in Sources */ = {isa = PBXBuildFile; fileRef = B323F4811B43C96C00DA1FCA /* DKStatisticGroup5E.m */; };
		B32C77381A494A2700870150 /* DungeonKit.h in Headers */ = {isa = PBXBuildFile; fileRef = B32C77371A494A2700870150 /* DungeonKit.h */; settings = {ATTRIBUTES = (Public, ); }; };
		B32C773E1A494A2700870150 /* DungeonKit.framework in Frameworks */ = {isa = PBXBuildFile; fileRef = B32C77321A494A2700870150 /* DungeonKit.framework */; };
		B32C77451A494A2700870150 /* DungeonKitTests.m in Sources */ = {isa = PBXBuildFile; fileRef = B32C77441A494A2700870150 /* DungeonKitTests.m */; };
		B3565E081B3297E600C86DC1 /* DKWeapon5E.h in Headers */ = {isa = PBXBuildFile; fileRef = B3565E061B3297E600C86DC1 /* DKWeapon5E.h */; settings = {ATTRIBUTES = (Public, ); }; };
		B3565E091B3297E600C86DC1 /* DKWeapon5E.m in Sources */ = {isa = PBXBuildFile; fileRef = B3565E071B3297E600C86DC1 /* DKWeapon5E.m */; };
		B3565E0F1B39368900C86DC1 /* DKArmor5E.h in Headers */ = {isa = PBXBuildFile; fileRef = B3565E0D1B39368900C86DC1 /* DKArmor5E.h */; settings = {ATTRIBUTES = (Public, ); }; };
		B3565E101B39368900C86DC1 /* DKArmor5E.m in Sources */ = {isa = PBXBuildFile; fileRef = B3565E0E1B39368900C86DC1 /* DKArmor5E.m */; };
		B3565E121B39584B00C86DC1 /* DKEquipmentTests.m in Sources */ = {isa = PBXBuildFile; fileRef = B3565E111B39584B00C86DC1 /* DKEquipmentTests.m */; };
		B36BF32F1A72337B00979EE9 /* DKDiceTests.m in Sources */ = {isa = PBXBuildFile; fileRef = B36BF32E1A72337B00979EE9 /* DKDiceTests.m */; };
		B36BF3351A7251FF00979EE9 /* DKCurrencyTests.m in Sources */ = {isa = PBXBuildFile; fileRef = B36BF3341A7251FF00979EE9 /* DKCurrencyTests.m */; };
		B36BF33C1A7351D700979EE9 /* DKModifierGroup.h in Headers */ = {isa = PBXBuildFile; fileRef = B36BF33A1A7351D700979EE9 /* DKModifierGroup.h */; settings = {ATTRIBUTES = (Public, ); }; };
		B36BF33D1A7351D700979EE9 /* DKModifierGroup.m in Sources */ = {isa = PBXBuildFile; fileRef = B36BF33B1A7351D700979EE9 /* DKModifierGroup.m */; };
		B36BF3401A737C1300979EE9 /* DKStatisticIDs5E.h in Headers */ = {isa = PBXBuildFile; fileRef = B36BF33E1A737C1300979EE9 /* DKStatisticIDs5E.h */; settings = {ATTRIBUTES = (Public, ); }; };
		B36BF3411A737C1300979EE9 /* DKStatisticIDs5E.m in Sources */ = {isa = PBXBuildFile; fileRef = B36BF33F1A737C1300979EE9 /* DKStatisticIDs5E.m */; };
		B36BF3491A762FE900979EE9 /* DKModifierGroupIDs5E.h in Headers */ = {isa = PBXBuildFile; fileRef = B36BF3471A762FE900979EE9 /* DKModifierGroupIDs5E.h */; settings = {ATTRIBUTES = (Public, ); }; };
		B36BF34A1A762FE900979EE9 /* DKModifierGroupIDs5E.m in Sources */ = {isa = PBXBuildFile; fileRef = B36BF3481A762FE900979EE9 /* DKModifierGroupIDs5E.m */; };
		B36BF3511A7630A800979EE9 /* DKRace5E.h in Headers */ = {isa = PBXBuildFile; fileRef = B36BF34F1A7630A800979EE9 /* DKRace5E.h */; settings = {ATTRIBUTES = (Public, ); }; };
		B36BF3521A7630A800979EE9 /* DKRace5E.m in Sources */ = {isa = PBXBuildFile; fileRef = B36BF3501A7630A800979EE9 /* DKRace5E.m */; };
		B36F2D751AFF53A80079263C /* DKDiceCollectionTests.m in Sources */ = {isa = PBXBuildFile; fileRef = B36F2D741AFF53A80079263C /* DKDiceCollectionTests.m */; };
		B3751BCE1AF72E110018F5D3 /* DKModifierBuilder.h in Headers */ = {isa = PBXBuildFile; fileRef = B3751BCC1AF72E110018F5D3 /* DKModifierBuilder.h */; settings = {ATTRIBUTES = (Public, ); }; };
		B3751BCF1AF72E110018F5D3 /* DKModifierBuilder.m in Sources */ = {isa = PBXBuildFile; fileRef = B3751BCD1AF72E110018F5D3 /* DKModifierBuilder.m */; };
		B3751BD21AF88BCE0018F5D3 /* DKFighter5E.h in Headers */ = {isa = PBXBuildFile; fileRef = B3751BD01AF88BCE0018F5D3 /* DKFighter5E.h */; settings = {ATTRIBUTES = (Public, ); }; };
		B3751BD31AF88BCE0018F5D3 /* DKFighter5E.m in Sources */ = {isa = PBXBuildFile; fileRef = B3751BD11AF88BCE0018F5D3 /* DKFighter5E.m */; };
		B3B5659C1B44CA51004DB93B /* DKWizard5E.h in Headers */ = {isa = PBXBuildFile; fileRef = B3B5659A1B44CA51004DB93B /* DKWizard5E.h */; settings = {ATTRIBUTES = (Public, ); }; };
		B3B5659D1B44CA51004DB93B /* DKWizard5E.m in Sources */ = {isa = PBXBuildFile; fileRef = B3B5659B1B44CA51004DB93B /* DKWizard5E.m */; };
		B3BB9EE41AEF553000012A3B /* DKClass5E.h in Headers */ = {isa = PBXBuildFile; fileRef = B3BB9EE01AEF553000012A3B /* DKClass5E.h */; settings = {ATTRIBUTES = (Public, ); }; };
		B3BB9EE51AEF553000012A3B /* DKClass5E.m in Sources */ = {isa = PBXBuildFile; fileRef = B3BB9EE11AEF553000012A3B /* DKClass5E.m */; };
		B3BB9EE61AEF553000012A3B /* DKCleric5E.h in Headers */ = {isa = PBXBuildFile; fileRef = B3BB9EE21AEF553000012A3B /* DKCleric5E.h */; settings = {ATTRIBUTES = (Public, ); }; };
		B3BB9EE71AEF553000012A3B /* DKCleric5E.m in Sources */ = {isa = PBXBuildFile; fileRef = B3BB9EE31AEF553000012A3B /* DKCleric5E.m */; };
		B3BB9EEA1AEF555600012A3B /* DKClasses5E.h in Headers */ = {isa = PBXBuildFile; fileRef = B3BB9EE81AEF555600012A3B /* DKClasses5E.h */; settings = {ATTRIBUTES = (Public, ); }; };
		B3BB9EEB1AEF555600012A3B /* DKClasses5E.m in Sources */ = {isa = PBXBuildFile; fileRef = B3BB9EE91AEF555600012A3B /* DKClasses5E.m */; };
		B3C605D41A68F90E007FADAB /* DKProficientStatistic.h in Headers */ = {isa = PBXBuildFile; fileRef = B3C605D21A68F90E007FADAB /* DKProficientStatistic.h */; settings = {ATTRIBUTES = (Public, ); }; };
		B3C605D51A68F90E007FADAB /* DKProficientStatistic.m in Sources */ = {isa = PBXBuildFile; fileRef = B3C605D31A68F90E007FADAB /* DKProficientStatistic.m */; };
		B3C605D71A691282007FADAB /* DKProficientStatisticTests.m in Sources */ = {isa = PBXBuildFile; fileRef = B3C605D61A691282007FADAB /* DKProficientStatisticTests.m */; };
		B3C605E71A720E72007FADAB /* DKSkillsTests.m in Sources */ = {isa = PBXBuildFile; fileRef = B3C605E61A720E72007FADAB /* DKSkillsTests.m */; };
		B3C605EA1A722F83007FADAB /* DKDiceCollection.h in Headers */ = {isa = PBXBuildFile; fileRef = B3C605E81A722F83007FADAB /* DKDiceCollection.h */; settings = {ATTRIBUTES = (Public, ); }; };
		B3C605EB1A722F83007FADAB /* DKDiceCollection.m in Sources */ = {isa = PBXBuildFile; fileRef = B3C605E91A722F83007FADAB /* DKDiceCollection.m */; };
		B3E40D391A57D20C004342F3 /* DKStatisticGroup.h in Headers */ = {isa = PBXBuildFile; fileRef = B3E40D311A57D20C004342F3 /* DKStatisticGroup.h */; settings = {ATTRIBUTES = (Public, ); }; };
		B3E40D3A1A57D20C004342F3 /* DKStatisticGroup.m in Sources */ = {isa = PBXBuildFile; fileRef = B3E40D321A57D20C004342F3 /* DKStatisticGroup.m */; };
		B3E40D3B1A57D20C004342F3 /* DKDependentModifier.h in Headers */ = {isa = PBXBuildFile; fileRef = B3E40D331A57D20C004342F3 /* DKDependentModifier.h */; settings = {ATTRIBUTES = (Public, ); }; };
		B3E40D3C1A57D20C004342F3 /* DKDependentModifier.m in Sources */ = {isa = PBXBuildFile; fileRef = B3E40D341A57D20C004342F3 /* DKDependentModifier.m */; };
		B3E40D3D1A57D20C004342F3 /* DKModifier.h in Headers */ = {isa = PBXBuildFile; fileRef = B3E40D351A57D20C004342F3 /* DKModifier.h */; settings = {ATTRIBUTES = (Public, ); }; };
		B3E40D3E1A57D20C004342F3 /* DKModifier.m in Sources */ = {isa = PBXBuildFile; fileRef = B3E40D361A57D20C004342F3 /* DKModifier.m */; };
		B3E40D3F1A57D20C004342F3 /* DKStatistic.h in Headers */ = {isa = PBXBuildFile; fileRef = B3E40D371A57D20C004342F3 /* DKStatistic.h */; settings = {ATTRIBUTES = (Public, ); }; };
		B3E40D401A57D20C004342F3 /* DKStatistic.m in Sources */ = {isa = PBXBuildFile; fileRef = B3E40D381A57D20C004342F3 /* DKStatistic.m */; };
		B3E40D4F1A57E369004342F3 /* DKConstants.h in Headers */ = {isa = PBXBuildFile; fileRef = B3E40D4E1A57E369004342F3 /* DKConstants.h */; };
		B3E40D511A57E430004342F3 /* DKConstants.m in Sources */ = {isa = PBXBuildFile; fileRef = B3E40D501A57E430004342F3 /* DKConstants.m */; };
		B3E40D591A57E53B004342F3 /* DKAbilitiesTests.m in Sources */ = {isa = PBXBuildFile; fileRef = B3E40D531A57E53B004342F3 /* DKAbilitiesTests.m */; };
		B3E40D5A1A57E53B004342F3 /* DKAbilityScoreTests.m in Sources */ = {isa = PBXBuildFile; fileRef = B3E40D541A57E53B004342F3 /* DKAbilityScoreTests.m */; };
		B3E40D5B1A57E53B004342F3 /* DKCharacterTests.m in Sources */ = {isa = PBXBuildFile; fileRef = B3E40D561A57E53B004342F3 /* DKCharacterTests.m */; };
		B3E40D5C1A57E53B004342F3 /* DKModifierTests.m in Sources */ = {isa = PBXBuildFile; fileRef = B3E40D571A57E53B004342F3 /* DKModifierTests.m */; };
		B3E40D5D1A57E53B004342F3 /* DKStatisticTests.m in Sources */ = {isa = PBXBuildFile; fileRef = B3E40D581A57E53B004342F3 /* DKStatisticTests.m */; };
		B3E40D5F1A57E587004342F3 /* DKCharacter5ETests.m in Sources */ = {isa = PBXBuildFile; fileRef = B3E40D5E1A57E587004342F3 /* DKCharacter5ETests.m */; };
		B3E40D611A5A4D66004342F3 /* DKDependentModifierTests.m in Sources */ = {isa = PBXBuildFile; fileRef = B3E40D601A5A4D66004342F3 /* DKDependentModifierTests.m */; };
		B3F5883C1A5BE2D400E6A745 /* DKSavingThrowsTests.m in Sources */ = {isa = PBXBuildFile; fileRef = B3F5883B1A5BE2D400E6A745 /* DKSavingThrowsTests.m */; };
/* End PBXBuildFile section */

/* Begin PBXContainerItemProxy section */
		B32C773F1A494A2700870150 /* PBXContainerItemProxy */ = {
			isa = PBXContainerItemProxy;
			containerPortal = B32C77291A494A2700870150 /* Project object */;
			proxyType = 1;
			remoteGlobalIDString = B32C77311A494A2700870150;
			remoteInfo = DungeonKit;
		};
/* End PBXContainerItemProxy section */

/* Begin PBXFileReference section */
		B32222651AEA144300EE0DD6 /* DKModifierGroupTests.m */ = {isa = PBXFileReference; fileEncoding = 4; lastKnownFileType = sourcecode.c.objc; path = DKModifierGroupTests.m; sourceTree = "<group>"; };
		B323F4501B422FB200DA1FCA /* DKRogue5E.h */ = {isa = PBXFileReference; fileEncoding = 4; lastKnownFileType = sourcecode.c.h; path = DKRogue5E.h; sourceTree = "<group>"; };
		B323F4511B422FB200DA1FCA /* DKRogue5E.m */ = {isa = PBXFileReference; fileEncoding = 4; lastKnownFileType = sourcecode.c.objc; path = DKRogue5E.m; sourceTree = "<group>"; };
		B323F45C1B43C41900DA1FCA /* DKAbilities5E.h */ = {isa = PBXFileReference; fileEncoding = 4; lastKnownFileType = sourcecode.c.h; path = DKAbilities5E.h; sourceTree = "<group>"; };
		B323F45D1B43C41900DA1FCA /* DKAbilities5E.m */ = {isa = PBXFileReference; fileEncoding = 4; lastKnownFileType = sourcecode.c.objc; path = DKAbilities5E.m; sourceTree = "<group>"; };
		B323F45E1B43C41900DA1FCA /* DKCurrency5E.h */ = {isa = PBXFileReference; fileEncoding = 4; lastKnownFileType = sourcecode.c.h; path = DKCurrency5E.h; sourceTree = "<group>"; };
		B323F45F1B43C41900DA1FCA /* DKCurrency5E.m */ = {isa = PBXFileReference; fileEncoding = 4; lastKnownFileType = sourcecode.c.objc; path = DKCurrency5E.m; sourceTree = "<group>"; };
		B323F4601B43C41900DA1FCA /* DKEquipment5E.h */ = {isa = PBXFileReference; fileEncoding = 4; lastKnownFileType = sourcecode.c.h; path = DKEquipment5E.h; sourceTree = "<group>"; };
		B323F4611B43C41900DA1FCA /* DKEquipment5E.m */ = {isa = PBXFileReference; fileEncoding = 4; lastKnownFileType = sourcecode.c.objc; path = DKEquipment5E.m; sourceTree = "<group>"; };
		B323F4621B43C41900DA1FCA /* DKSavingThrows5E.h */ = {isa = PBXFileReference; fileEncoding = 4; lastKnownFileType = sourcecode.c.h; path = DKSavingThrows5E.h; sourceTree = "<group>"; };
		B323F4631B43C41900DA1FCA /* DKSavingThrows5E.m */ = {isa = PBXFileReference; fileEncoding = 4; lastKnownFileType = sourcecode.c.objc; path = DKSavingThrows5E.m; sourceTree = "<group>"; };
		B323F4641B43C41900DA1FCA /* DKSkills5E.h */ = {isa = PBXFileReference; fileEncoding = 4; lastKnownFileType = sourcecode.c.h; path = DKSkills5E.h; sourceTree = "<group>"; };
		B323F4651B43C41900DA1FCA /* DKSkills5E.m */ = {isa = PBXFileReference; fileEncoding = 4; lastKnownFileType = sourcecode.c.objc; path = DKSkills5E.m; sourceTree = "<group>"; };
		B323F4661B43C41900DA1FCA /* DKSpellbook5E.h */ = {isa = PBXFileReference; fileEncoding = 4; lastKnownFileType = sourcecode.c.h; path = DKSpellbook5E.h; sourceTree = "<group>"; };
		B323F4671B43C41900DA1FCA /* DKSpellbook5E.m */ = {isa = PBXFileReference; fileEncoding = 4; lastKnownFileType = sourcecode.c.objc; path = DKSpellbook5E.m; sourceTree = "<group>"; };
		B323F4681B43C41900DA1FCA /* DKSpells5E.h */ = {isa = PBXFileReference; fileEncoding = 4; lastKnownFileType = sourcecode.c.h; path = DKSpells5E.h; sourceTree = "<group>"; };
		B323F4691B43C41900DA1FCA /* DKSpells5E.m */ = {isa = PBXFileReference; fileEncoding = 4; lastKnownFileType = sourcecode.c.objc; path = DKSpells5E.m; sourceTree = "<group>"; };
		B323F4781B43C48600DA1FCA /* DKCharacter5E.h */ = {isa = PBXFileReference; fileEncoding = 4; lastKnownFileType = sourcecode.c.h; path = DKCharacter5E.h; sourceTree = "<group>"; };
		B323F4791B43C48600DA1FCA /* DKCharacter5E.m */ = {isa = PBXFileReference; fileEncoding = 4; lastKnownFileType = sourcecode.c.objc; path = DKCharacter5E.m; sourceTree = "<group>"; };
		B323F47C1B43C4AE00DA1FCA /* DKStatisticGroupIDs5E.h */ = {isa = PBXFileReference; fileEncoding = 4; lastKnownFileType = sourcecode.c.h; path = DKStatisticGroupIDs5E.h; sourceTree = "<group>"; };
		B323F47D1B43C4AE00DA1FCA /* DKStatisticGroupIDs5E.m */ = {isa = PBXFileReference; fileEncoding = 4; lastKnownFileType = sourcecode.c.objc; path = DKStatisticGroupIDs5E.m; sourceTree = "<group>"; };
		B323F4801B43C96C00DA1FCA /* DKStatisticGroup5E.h */ = {isa = PBXFileReference; fileEncoding = 4; lastKnownFileType = sourcecode.c.h; path = DKStatisticGroup5E.h; sourceTree = "<group>"; };
		B323F4811B43C96C00DA1FCA /* DKStatisticGroup5E.m */ = {isa = PBXFileReference; fileEncoding = 4; lastKnownFileType = sourcecode.c.objc; path = DKStatisticGroup5E.m; sourceTree = "<group>"; };
		B32C77321A494A2700870150 /* DungeonKit.framework */ = {isa = PBXFileReference; explicitFileType = wrapper.framework; includeInIndex = 0; path = DungeonKit.framework; sourceTree = BUILT_PRODUCTS_DIR; };
		B32C77361A494A2700870150 /* Info.plist */ = {isa = PBXFileReference; lastKnownFileType = text.plist.xml; path = Info.plist; sourceTree = "<group>"; };
		B32C77371A494A2700870150 /* DungeonKit.h */ = {isa = PBXFileReference; lastKnownFileType = sourcecode.c.h; path = DungeonKit.h; sourceTree = "<group>"; };
		B32C773D1A494A2700870150 /* DungeonKitTests.xctest */ = {isa = PBXFileReference; explicitFileType = wrapper.cfbundle; includeInIndex = 0; path = DungeonKitTests.xctest; sourceTree = BUILT_PRODUCTS_DIR; };
		B32C77431A494A2700870150 /* Info.plist */ = {isa = PBXFileReference; lastKnownFileType = text.plist.xml; path = Info.plist; sourceTree = "<group>"; };
		B32C77441A494A2700870150 /* DungeonKitTests.m */ = {isa = PBXFileReference; lastKnownFileType = sourcecode.c.objc; path = DungeonKitTests.m; sourceTree = "<group>"; };
		B3565E061B3297E600C86DC1 /* DKWeapon5E.h */ = {isa = PBXFileReference; fileEncoding = 4; lastKnownFileType = sourcecode.c.h; path = DKWeapon5E.h; sourceTree = "<group>"; };
		B3565E071B3297E600C86DC1 /* DKWeapon5E.m */ = {isa = PBXFileReference; fileEncoding = 4; lastKnownFileType = sourcecode.c.objc; path = DKWeapon5E.m; sourceTree = "<group>"; };
		B3565E0D1B39368900C86DC1 /* DKArmor5E.h */ = {isa = PBXFileReference; fileEncoding = 4; lastKnownFileType = sourcecode.c.h; path = DKArmor5E.h; sourceTree = "<group>"; };
		B3565E0E1B39368900C86DC1 /* DKArmor5E.m */ = {isa = PBXFileReference; fileEncoding = 4; lastKnownFileType = sourcecode.c.objc; path = DKArmor5E.m; sourceTree = "<group>"; };
		B3565E111B39584B00C86DC1 /* DKEquipmentTests.m */ = {isa = PBXFileReference; fileEncoding = 4; lastKnownFileType = sourcecode.c.objc; path = DKEquipmentTests.m; sourceTree = "<group>"; };
		B36BF32E1A72337B00979EE9 /* DKDiceTests.m */ = {isa = PBXFileReference; fileEncoding = 4; lastKnownFileType = sourcecode.c.objc; path = DKDiceTests.m; sourceTree = "<group>"; };
		B36BF3341A7251FF00979EE9 /* DKCurrencyTests.m */ = {isa = PBXFileReference; fileEncoding = 4; lastKnownFileType = sourcecode.c.objc; path = DKCurrencyTests.m; sourceTree = "<group>"; };
		B36BF33A1A7351D700979EE9 /* DKModifierGroup.h */ = {isa = PBXFileReference; fileEncoding = 4; lastKnownFileType = sourcecode.c.h; path = DKModifierGroup.h; sourceTree = "<group>"; };
		B36BF33B1A7351D700979EE9 /* DKModifierGroup.m */ = {isa = PBXFileReference; fileEncoding = 4; lastKnownFileType = sourcecode.c.objc; path = DKModifierGroup.m; sourceTree = "<group>"; };
		B36BF33E1A737C1300979EE9 /* DKStatisticIDs5E.h */ = {isa = PBXFileReference; fileEncoding = 4; lastKnownFileType = sourcecode.c.h; path = DKStatisticIDs5E.h; sourceTree = "<group>"; };
		B36BF33F1A737C1300979EE9 /* DKStatisticIDs5E.m */ = {isa = PBXFileReference; fileEncoding = 4; lastKnownFileType = sourcecode.c.objc; path = DKStatisticIDs5E.m; sourceTree = "<group>"; };
		B36BF3471A762FE900979EE9 /* DKModifierGroupIDs5E.h */ = {isa = PBXFileReference; fileEncoding = 4; lastKnownFileType = sourcecode.c.h; path = DKModifierGroupIDs5E.h; sourceTree = "<group>"; };
		B36BF3481A762FE900979EE9 /* DKModifierGroupIDs5E.m */ = {isa = PBXFileReference; fileEncoding = 4; lastKnownFileType = sourcecode.c.objc; path = DKModifierGroupIDs5E.m; sourceTree = "<group>"; };
		B36BF34F1A7630A800979EE9 /* DKRace5E.h */ = {isa = PBXFileReference; fileEncoding = 4; lastKnownFileType = sourcecode.c.h; path = DKRace5E.h; sourceTree = "<group>"; };
		B36BF3501A7630A800979EE9 /* DKRace5E.m */ = {isa = PBXFileReference; fileEncoding = 4; lastKnownFileType = sourcecode.c.objc; path = DKRace5E.m; sourceTree = "<group>"; };
		B36F2D741AFF53A80079263C /* DKDiceCollectionTests.m */ = {isa = PBXFileReference; fileEncoding = 4; lastKnownFileType = sourcecode.c.objc; path = DKDiceCollectionTests.m; sourceTree = "<group>"; };
		B3751BCC1AF72E110018F5D3 /* DKModifierBuilder.h */ = {isa = PBXFileReference; fileEncoding = 4; lastKnownFileType = sourcecode.c.h; path = DKModifierBuilder.h; sourceTree = "<group>"; };
		B3751BCD1AF72E110018F5D3 /* DKModifierBuilder.m */ = {isa = PBXFileReference; fileEncoding = 4; lastKnownFileType = sourcecode.c.objc; path = DKModifierBuilder.m; sourceTree = "<group>"; };
		B3751BD01AF88BCE0018F5D3 /* DKFighter5E.h */ = {isa = PBXFileReference; fileEncoding = 4; lastKnownFileType = sourcecode.c.h; path = DKFighter5E.h; sourceTree = "<group>"; };
		B3751BD11AF88BCE0018F5D3 /* DKFighter5E.m */ = {isa = PBXFileReference; fileEncoding = 4; lastKnownFileType = sourcecode.c.objc; path = DKFighter5E.m; sourceTree = "<group>"; };
		B3B5659A1B44CA51004DB93B /* DKWizard5E.h */ = {isa = PBXFileReference; fileEncoding = 4; lastKnownFileType = sourcecode.c.h; path = DKWizard5E.h; sourceTree = "<group>"; };
		B3B5659B1B44CA51004DB93B /* DKWizard5E.m */ = {isa = PBXFileReference; fileEncoding = 4; lastKnownFileType = sourcecode.c.objc; path = DKWizard5E.m; sourceTree = "<group>"; };
		B3BB9EE01AEF553000012A3B /* DKClass5E.h */ = {isa = PBXFileReference; fileEncoding = 4; lastKnownFileType = sourcecode.c.h; path = DKClass5E.h; sourceTree = "<group>"; };
		B3BB9EE11AEF553000012A3B /* DKClass5E.m */ = {isa = PBXFileReference; fileEncoding = 4; lastKnownFileType = sourcecode.c.objc; path = DKClass5E.m; sourceTree = "<group>"; };
		B3BB9EE21AEF553000012A3B /* DKCleric5E.h */ = {isa = PBXFileReference; fileEncoding = 4; lastKnownFileType = sourcecode.c.h; path = DKCleric5E.h; sourceTree = "<group>"; };
		B3BB9EE31AEF553000012A3B /* DKCleric5E.m */ = {isa = PBXFileReference; fileEncoding = 4; lastKnownFileType = sourcecode.c.objc; path = DKCleric5E.m; sourceTree = "<group>"; };
		B3BB9EE81AEF555600012A3B /* DKClasses5E.h */ = {isa = PBXFileReference; fileEncoding = 4; lastKnownFileType = sourcecode.c.h; path = DKClasses5E.h; sourceTree = "<group>"; };
		B3BB9EE91AEF555600012A3B /* DKClasses5E.m */ = {isa = PBXFileReference; fileEncoding = 4; lastKnownFileType = sourcecode.c.objc; path = DKClasses5E.m; sourceTree = "<group>"; };
		B3C605D21A68F90E007FADAB /* DKProficientStatistic.h */ = {isa = PBXFileReference; fileEncoding = 4; lastKnownFileType = sourcecode.c.h; path = DKProficientStatistic.h; sourceTree = "<group>"; };
		B3C605D31A68F90E007FADAB /* DKProficientStatistic.m */ = {isa = PBXFileReference; fileEncoding = 4; lastKnownFileType = sourcecode.c.objc; path = DKProficientStatistic.m; sourceTree = "<group>"; };
		B3C605D61A691282007FADAB /* DKProficientStatisticTests.m */ = {isa = PBXFileReference; fileEncoding = 4; lastKnownFileType = sourcecode.c.objc; path = DKProficientStatisticTests.m; sourceTree = "<group>"; };
		B3C605E61A720E72007FADAB /* DKSkillsTests.m */ = {isa = PBXFileReference; fileEncoding = 4; lastKnownFileType = sourcecode.c.objc; path = DKSkillsTests.m; sourceTree = "<group>"; };
		B3C605E81A722F83007FADAB /* DKDiceCollection.h */ = {isa = PBXFileReference; fileEncoding = 4; lastKnownFileType = sourcecode.c.h; path = DKDiceCollection.h; sourceTree = "<group>"; };
		B3C605E91A722F83007FADAB /* DKDiceCollection.m */ = {isa = PBXFileReference; fileEncoding = 4; lastKnownFileType = sourcecode.c.objc; path = DKDiceCollection.m; sourceTree = "<group>"; };
		B3E40D311A57D20C004342F3 /* DKStatisticGroup.h */ = {isa = PBXFileReference; fileEncoding = 4; lastKnownFileType = sourcecode.c.h; path = DKStatisticGroup.h; sourceTree = "<group>"; };
		B3E40D321A57D20C004342F3 /* DKStatisticGroup.m */ = {isa = PBXFileReference; fileEncoding = 4; lastKnownFileType = sourcecode.c.objc; path = DKStatisticGroup.m; sourceTree = "<group>"; };
		B3E40D331A57D20C004342F3 /* DKDependentModifier.h */ = {isa = PBXFileReference; fileEncoding = 4; lastKnownFileType = sourcecode.c.h; path = DKDependentModifier.h; sourceTree = "<group>"; };
		B3E40D341A57D20C004342F3 /* DKDependentModifier.m */ = {isa = PBXFileReference; fileEncoding = 4; lastKnownFileType = sourcecode.c.objc; path = DKDependentModifier.m; sourceTree = "<group>"; };
		B3E40D351A57D20C004342F3 /* DKModifier.h */ = {isa = PBXFileReference; fileEncoding = 4; lastKnownFileType = sourcecode.c.h; path = DKModifier.h; sourceTree = "<group>"; };
		B3E40D361A57D20C004342F3 /* DKModifier.m */ = {isa = PBXFileReference; fileEncoding = 4; lastKnownFileType = sourcecode.c.objc; path = DKModifier.m; sourceTree = "<group>"; };
		B3E40D371A57D20C004342F3 /* DKStatistic.h */ = {isa = PBXFileReference; fileEncoding = 4; lastKnownFileType = sourcecode.c.h; path = DKStatistic.h; sourceTree = "<group>"; };
		B3E40D381A57D20C004342F3 /* DKStatistic.m */ = {isa = PBXFileReference; fileEncoding = 4; lastKnownFileType = sourcecode.c.objc; path = DKStatistic.m; sourceTree = "<group>"; };
		B3E40D4E1A57E369004342F3 /* DKConstants.h */ = {isa = PBXFileReference; fileEncoding = 4; lastKnownFileType = sourcecode.c.h; path = DKConstants.h; sourceTree = "<group>"; };
		B3E40D501A57E430004342F3 /* DKConstants.m */ = {isa = PBXFileReference; fileEncoding = 4; lastKnownFileType = sourcecode.c.objc; path = DKConstants.m; sourceTree = "<group>"; };
		B3E40D531A57E53B004342F3 /* DKAbilitiesTests.m */ = {isa = PBXFileReference; fileEncoding = 4; lastKnownFileType = sourcecode.c.objc; path = DKAbilitiesTests.m; sourceTree = "<group>"; };
		B3E40D541A57E53B004342F3 /* DKAbilityScoreTests.m */ = {isa = PBXFileReference; fileEncoding = 4; lastKnownFileType = sourcecode.c.objc; path = DKAbilityScoreTests.m; sourceTree = "<group>"; };
		B3E40D561A57E53B004342F3 /* DKCharacterTests.m */ = {isa = PBXFileReference; fileEncoding = 4; lastKnownFileType = sourcecode.c.objc; path = DKCharacterTests.m; sourceTree = "<group>"; };
		B3E40D571A57E53B004342F3 /* DKModifierTests.m */ = {isa = PBXFileReference; fileEncoding = 4; lastKnownFileType = sourcecode.c.objc; path = DKModifierTests.m; sourceTree = "<group>"; };
		B3E40D581A57E53B004342F3 /* DKStatisticTests.m */ = {isa = PBXFileReference; fileEncoding = 4; lastKnownFileType = sourcecode.c.objc; path = DKStatisticTests.m; sourceTree = "<group>"; };
		B3E40D5E1A57E587004342F3 /* DKCharacter5ETests.m */ = {isa = PBXFileReference; fileEncoding = 4; lastKnownFileType = sourcecode.c.objc; path = DKCharacter5ETests.m; sourceTree = "<group>"; };
		B3E40D601A5A4D66004342F3 /* DKDependentModifierTests.m */ = {isa = PBXFileReference; fileEncoding = 4; lastKnownFileType = sourcecode.c.objc; path = DKDependentModifierTests.m; sourceTree = "<group>"; };
		B3F5883B1A5BE2D400E6A745 /* DKSavingThrowsTests.m */ = {isa = PBXFileReference; fileEncoding = 4; lastKnownFileType = sourcecode.c.objc; path = DKSavingThrowsTests.m; sourceTree = "<group>"; };
/* End PBXFileReference section */

/* Begin PBXFrameworksBuildPhase section */
		B32C772E1A494A2700870150 /* Frameworks */ = {
			isa = PBXFrameworksBuildPhase;
			buildActionMask = 2147483647;
			files = (
			);
			runOnlyForDeploymentPostprocessing = 0;
		};
		B32C773A1A494A2700870150 /* Frameworks */ = {
			isa = PBXFrameworksBuildPhase;
			buildActionMask = 2147483647;
			files = (
				B32C773E1A494A2700870150 /* DungeonKit.framework in Frameworks */,
			);
			runOnlyForDeploymentPostprocessing = 0;
		};
/* End PBXFrameworksBuildPhase section */

/* Begin PBXGroup section */
		B323F45B1B43C40700DA1FCA /* StatisticGroups */ = {
			isa = PBXGroup;
			children = (
				B323F47C1B43C4AE00DA1FCA /* DKStatisticGroupIDs5E.h */,
				B323F47D1B43C4AE00DA1FCA /* DKStatisticGroupIDs5E.m */,
				B323F4801B43C96C00DA1FCA /* DKStatisticGroup5E.h */,
				B323F4811B43C96C00DA1FCA /* DKStatisticGroup5E.m */,
				B323F45C1B43C41900DA1FCA /* DKAbilities5E.h */,
				B323F45D1B43C41900DA1FCA /* DKAbilities5E.m */,
				B323F4781B43C48600DA1FCA /* DKCharacter5E.h */,
				B323F4791B43C48600DA1FCA /* DKCharacter5E.m */,
				B323F45E1B43C41900DA1FCA /* DKCurrency5E.h */,
				B323F45F1B43C41900DA1FCA /* DKCurrency5E.m */,
				B323F4601B43C41900DA1FCA /* DKEquipment5E.h */,
				B323F4611B43C41900DA1FCA /* DKEquipment5E.m */,
				B323F4621B43C41900DA1FCA /* DKSavingThrows5E.h */,
				B323F4631B43C41900DA1FCA /* DKSavingThrows5E.m */,
				B323F4641B43C41900DA1FCA /* DKSkills5E.h */,
				B323F4651B43C41900DA1FCA /* DKSkills5E.m */,
				B323F4661B43C41900DA1FCA /* DKSpellbook5E.h */,
				B323F4671B43C41900DA1FCA /* DKSpellbook5E.m */,
				B323F4681B43C41900DA1FCA /* DKSpells5E.h */,
				B323F4691B43C41900DA1FCA /* DKSpells5E.m */,
			);
			path = StatisticGroups;
			sourceTree = "<group>";
		};
		B32C77281A494A2700870150 = {
			isa = PBXGroup;
			children = (
				B32C77341A494A2700870150 /* DungeonKit */,
				B32C77411A494A2700870150 /* DungeonKitTests */,
				B32C77351A494A2700870150 /* Supporting Files */,
				B32C77331A494A2700870150 /* Products */,
			);
			sourceTree = "<group>";
		};
		B32C77331A494A2700870150 /* Products */ = {
			isa = PBXGroup;
			children = (
				B32C77321A494A2700870150 /* DungeonKit.framework */,
				B32C773D1A494A2700870150 /* DungeonKitTests.xctest */,
			);
			name = Products;
			sourceTree = "<group>";
		};
		B32C77341A494A2700870150 /* DungeonKit */ = {
			isa = PBXGroup;
			children = (
				B32C77371A494A2700870150 /* DungeonKit.h */,
				B3E40D301A57D20C004342F3 /* core */,
				B3E40D411A57D2BE004342F3 /* 5e */,
			);
			path = DungeonKit;
			sourceTree = "<group>";
		};
		B32C77351A494A2700870150 /* Supporting Files */ = {
			isa = PBXGroup;
			children = (
				B32C77361A494A2700870150 /* Info.plist */,
			);
			name = "Supporting Files";
			path = DungeonKit;
			sourceTree = "<group>";
		};
		B32C77411A494A2700870150 /* DungeonKitTests */ = {
			isa = PBXGroup;
			children = (
				B3E40D551A57E53B004342F3 /* core */,
				B3E40D521A57E53B004342F3 /* 5e */,
				B32C77441A494A2700870150 /* DungeonKitTests.m */,
				B32C77421A494A2700870150 /* Supporting Files */,
			);
			path = DungeonKitTests;
			sourceTree = "<group>";
		};
		B32C77421A494A2700870150 /* Supporting Files */ = {
			isa = PBXGroup;
			children = (
				B32C77431A494A2700870150 /* Info.plist */,
			);
			name = "Supporting Files";
			sourceTree = "<group>";
		};
		B36BF3461A762FE900979EE9 /* ModifierGroups */ = {
			isa = PBXGroup;
			children = (
				B36BF3471A762FE900979EE9 /* DKModifierGroupIDs5E.h */,
				B36BF3481A762FE900979EE9 /* DKModifierGroupIDs5E.m */,
				B36BF34F1A7630A800979EE9 /* DKRace5E.h */,
				B36BF3501A7630A800979EE9 /* DKRace5E.m */,
				B3565E061B3297E600C86DC1 /* DKWeapon5E.h */,
				B3565E071B3297E600C86DC1 /* DKWeapon5E.m */,
				B3565E0D1B39368900C86DC1 /* DKArmor5E.h */,
				B3565E0E1B39368900C86DC1 /* DKArmor5E.m */,
			);
			path = ModifierGroups;
			sourceTree = "<group>";
		};
		B3BB9ED71AEF550300012A3B /* Classes */ = {
			isa = PBXGroup;
			children = (
				B3BB9EE81AEF555600012A3B /* DKClasses5E.h */,
				B3BB9EE91AEF555600012A3B /* DKClasses5E.m */,
				B3BB9EE01AEF553000012A3B /* DKClass5E.h */,
				B3BB9EE11AEF553000012A3B /* DKClass5E.m */,
				B3BB9EE21AEF553000012A3B /* DKCleric5E.h */,
				B3BB9EE31AEF553000012A3B /* DKCleric5E.m */,
				B3751BD01AF88BCE0018F5D3 /* DKFighter5E.h */,
				B3751BD11AF88BCE0018F5D3 /* DKFighter5E.m */,
				B323F4501B422FB200DA1FCA /* DKRogue5E.h */,
				B323F4511B422FB200DA1FCA /* DKRogue5E.m */,
				B3B5659A1B44CA51004DB93B /* DKWizard5E.h */,
				B3B5659B1B44CA51004DB93B /* DKWizard5E.m */,
			);
			path = Classes;
			sourceTree = "<group>";
		};
		B3E40D301A57D20C004342F3 /* core */ = {
			isa = PBXGroup;
			children = (
				B3E40D4E1A57E369004342F3 /* DKConstants.h */,
				B3E40D501A57E430004342F3 /* DKConstants.m */,
				B3E40D311A57D20C004342F3 /* DKStatisticGroup.h */,
				B3E40D321A57D20C004342F3 /* DKStatisticGroup.m */,
				B3E40D371A57D20C004342F3 /* DKStatistic.h */,
				B3E40D381A57D20C004342F3 /* DKStatistic.m */,
				B36BF33A1A7351D700979EE9 /* DKModifierGroup.h */,
				B36BF33B1A7351D700979EE9 /* DKModifierGroup.m */,
				B3E40D351A57D20C004342F3 /* DKModifier.h */,
				B3E40D361A57D20C004342F3 /* DKModifier.m */,
				B3E40D331A57D20C004342F3 /* DKDependentModifier.h */,
				B3E40D341A57D20C004342F3 /* DKDependentModifier.m */,
				B3751BCC1AF72E110018F5D3 /* DKModifierBuilder.h */,
				B3751BCD1AF72E110018F5D3 /* DKModifierBuilder.m */,
				B3C605E81A722F83007FADAB /* DKDiceCollection.h */,
				B3C605E91A722F83007FADAB /* DKDiceCollection.m */,
			);
			path = core;
			sourceTree = "<group>";
		};
		B3E40D411A57D2BE004342F3 /* 5e */ = {
			isa = PBXGroup;
			children = (
				B323F45B1B43C40700DA1FCA /* StatisticGroups */,
				B3BB9ED71AEF550300012A3B /* Classes */,
				B36BF3461A762FE900979EE9 /* ModifierGroups */,
				B36BF33E1A737C1300979EE9 /* DKStatisticIDs5E.h */,
				B36BF33F1A737C1300979EE9 /* DKStatisticIDs5E.m */,
				B3C605D21A68F90E007FADAB /* DKProficientStatistic.h */,
				B3C605D31A68F90E007FADAB /* DKProficientStatistic.m */,
			);
			path = 5e;
			sourceTree = "<group>";
		};
		B3E40D521A57E53B004342F3 /* 5e */ = {
			isa = PBXGroup;
			children = (
				B3E40D5E1A57E587004342F3 /* DKCharacter5ETests.m */,
				B3E40D531A57E53B004342F3 /* DKAbilitiesTests.m */,
				B3E40D541A57E53B004342F3 /* DKAbilityScoreTests.m */,
				B3C605E61A720E72007FADAB /* DKSkillsTests.m */,
				B3F5883B1A5BE2D400E6A745 /* DKSavingThrowsTests.m */,
				B3C605D61A691282007FADAB /* DKProficientStatisticTests.m */,
				B36BF3341A7251FF00979EE9 /* DKCurrencyTests.m */,
				B3565E111B39584B00C86DC1 /* DKEquipmentTests.m */,
			);
			path = 5e;
			sourceTree = "<group>";
		};
		B3E40D551A57E53B004342F3 /* core */ = {
			isa = PBXGroup;
			children = (
				B3E40D561A57E53B004342F3 /* DKCharacterTests.m */,
				B3E40D571A57E53B004342F3 /* DKModifierTests.m */,
				B3E40D601A5A4D66004342F3 /* DKDependentModifierTests.m */,
				B3E40D581A57E53B004342F3 /* DKStatisticTests.m */,
				B36F2D741AFF53A80079263C /* DKDiceCollectionTests.m */,
				B36BF32E1A72337B00979EE9 /* DKDiceTests.m */,
				B32222651AEA144300EE0DD6 /* DKModifierGroupTests.m */,
			);
			path = core;
			sourceTree = "<group>";
		};
/* End PBXGroup section */

/* Begin PBXHeadersBuildPhase section */
		B32C772F1A494A2700870150 /* Headers */ = {
			isa = PBXHeadersBuildPhase;
			buildActionMask = 2147483647;
			files = (
				B323F4701B43C41900DA1FCA /* DKSavingThrows5E.h in Headers */,
				B323F4721B43C41900DA1FCA /* DKSkills5E.h in Headers */,
				B32C77381A494A2700870150 /* DungeonKit.h in Headers */,
				B323F46E1B43C41900DA1FCA /* DKEquipment5E.h in Headers */,
				B3C605D41A68F90E007FADAB /* DKProficientStatistic.h in Headers */,
				B323F47E1B43C4AE00DA1FCA /* DKStatisticGroupIDs5E.h in Headers */,
				B323F4521B422FB200DA1FCA /* DKRogue5E.h in Headers */,
				B36BF3401A737C1300979EE9 /* DKStatisticIDs5E.h in Headers */,
				B3E40D4F1A57E369004342F3 /* DKConstants.h in Headers */,
				B3565E081B3297E600C86DC1 /* DKWeapon5E.h in Headers */,
				B3E40D3B1A57D20C004342F3 /* DKDependentModifier.h in Headers */,
				B3BB9EE41AEF553000012A3B /* DKClass5E.h in Headers */,
				B36BF3491A762FE900979EE9 /* DKModifierGroupIDs5E.h in Headers */,
				B3BB9EEA1AEF555600012A3B /* DKClasses5E.h in Headers */,
				B323F4821B43C96C00DA1FCA /* DKStatisticGroup5E.h in Headers */,
				B323F4741B43C41900DA1FCA /* DKSpellbook5E.h in Headers */,
				B323F46C1B43C41900DA1FCA /* DKCurrency5E.h in Headers */,
				B3565E0F1B39368900C86DC1 /* DKArmor5E.h in Headers */,
				B36BF3511A7630A800979EE9 /* DKRace5E.h in Headers */,
				B3B5659C1B44CA51004DB93B /* DKWizard5E.h in Headers */,
				B36BF33C1A7351D700979EE9 /* DKModifierGroup.h in Headers */,
				B3BB9EE61AEF553000012A3B /* DKCleric5E.h in Headers */,
				B3751BCE1AF72E110018F5D3 /* DKModifierBuilder.h in Headers */,
				B3C605EA1A722F83007FADAB /* DKDiceCollection.h in Headers */,
				B3E40D3D1A57D20C004342F3 /* DKModifier.h in Headers */,
				B323F46A1B43C41900DA1FCA /* DKAbilities5E.h in Headers */,
				B323F47A1B43C48600DA1FCA /* DKCharacter5E.h in Headers */,
				B3E40D3F1A57D20C004342F3 /* DKStatistic.h in Headers */,
				B3751BD21AF88BCE0018F5D3 /* DKFighter5E.h in Headers */,
				B323F4761B43C41900DA1FCA /* DKSpells5E.h in Headers */,
				B3E40D391A57D20C004342F3 /* DKStatisticGroup.h in Headers */,
			);
			runOnlyForDeploymentPostprocessing = 0;
		};
/* End PBXHeadersBuildPhase section */

/* Begin PBXNativeTarget section */
		B32C77311A494A2700870150 /* DungeonKit */ = {
			isa = PBXNativeTarget;
			buildConfigurationList = B32C77481A494A2700870150 /* Build configuration list for PBXNativeTarget "DungeonKit" */;
			buildPhases = (
				B32C772D1A494A2700870150 /* Sources */,
				B32C772E1A494A2700870150 /* Frameworks */,
				B32C772F1A494A2700870150 /* Headers */,
				B32C77301A494A2700870150 /* Resources */,
			);
			buildRules = (
			);
			dependencies = (
			);
			name = DungeonKit;
			productName = DungeonKit;
			productReference = B32C77321A494A2700870150 /* DungeonKit.framework */;
			productType = "com.apple.product-type.framework";
		};
		B32C773C1A494A2700870150 /* DungeonKitTests */ = {
			isa = PBXNativeTarget;
			buildConfigurationList = B32C774B1A494A2700870150 /* Build configuration list for PBXNativeTarget "DungeonKitTests" */;
			buildPhases = (
				B32C77391A494A2700870150 /* Sources */,
				B32C773A1A494A2700870150 /* Frameworks */,
				B32C773B1A494A2700870150 /* Resources */,
			);
			buildRules = (
			);
			dependencies = (
				B32C77401A494A2700870150 /* PBXTargetDependency */,
			);
			name = DungeonKitTests;
			productName = DungeonKitTests;
			productReference = B32C773D1A494A2700870150 /* DungeonKitTests.xctest */;
			productType = "com.apple.product-type.bundle.unit-test";
		};
/* End PBXNativeTarget section */

/* Begin PBXProject section */
		B32C77291A494A2700870150 /* Project object */ = {
			isa = PBXProject;
			attributes = {
				LastUpgradeCheck = 0610;
				ORGANIZATIONNAME = Dodge;
				TargetAttributes = {
					B32C77311A494A2700870150 = {
						CreatedOnToolsVersion = 6.1.1;
					};
					B32C773C1A494A2700870150 = {
						CreatedOnToolsVersion = 6.1.1;
					};
				};
			};
			buildConfigurationList = B32C772C1A494A2700870150 /* Build configuration list for PBXProject "DungeonKit" */;
			compatibilityVersion = "Xcode 3.2";
			developmentRegion = English;
			hasScannedForEncodings = 0;
			knownRegions = (
				en,
			);
			mainGroup = B32C77281A494A2700870150;
			productRefGroup = B32C77331A494A2700870150 /* Products */;
			projectDirPath = "";
			projectRoot = "";
			targets = (
				B32C77311A494A2700870150 /* DungeonKit */,
				B32C773C1A494A2700870150 /* DungeonKitTests */,
			);
		};
/* End PBXProject section */

/* Begin PBXResourcesBuildPhase section */
		B32C77301A494A2700870150 /* Resources */ = {
			isa = PBXResourcesBuildPhase;
			buildActionMask = 2147483647;
			files = (
			);
			runOnlyForDeploymentPostprocessing = 0;
		};
		B32C773B1A494A2700870150 /* Resources */ = {
			isa = PBXResourcesBuildPhase;
			buildActionMask = 2147483647;
			files = (
			);
			runOnlyForDeploymentPostprocessing = 0;
		};
/* End PBXResourcesBuildPhase section */

/* Begin PBXSourcesBuildPhase section */
		B32C772D1A494A2700870150 /* Sources */ = {
			isa = PBXSourcesBuildPhase;
			buildActionMask = 2147483647;
			files = (
				B3BB9EE71AEF553000012A3B /* DKCleric5E.m in Sources */,
				B323F46B1B43C41900DA1FCA /* DKAbilities5E.m in Sources */,
				B323F4731B43C41900DA1FCA /* DKSkills5E.m in Sources */,
				B3BB9EEB1AEF555600012A3B /* DKClasses5E.m in Sources */,
				B323F4531B422FB200DA1FCA /* DKRogue5E.m in Sources */,
				B3E40D3C1A57D20C004342F3 /* DKDependentModifier.m in Sources */,
				B323F4711B43C41900DA1FCA /* DKSavingThrows5E.m in Sources */,
				B323F4771B43C41900DA1FCA /* DKSpells5E.m in Sources */,
				B3E40D401A57D20C004342F3 /* DKStatistic.m in Sources */,
				B3B5659D1B44CA51004DB93B /* DKWizard5E.m in Sources */,
				B3751BD31AF88BCE0018F5D3 /* DKFighter5E.m in Sources */,
				B36BF34A1A762FE900979EE9 /* DKModifierGroupIDs5E.m in Sources */,
				B36BF3521A7630A800979EE9 /* DKRace5E.m in Sources */,
				B3751BCF1AF72E110018F5D3 /* DKModifierBuilder.m in Sources */,
				B323F4831B43C96C00DA1FCA /* DKStatisticGroup5E.m in Sources */,
				B3565E091B3297E600C86DC1 /* DKWeapon5E.m in Sources */,
				B323F46F1B43C41900DA1FCA /* DKEquipment5E.m in Sources */,
				B323F47B1B43C48600DA1FCA /* DKCharacter5E.m in Sources */,
				B323F47F1B43C4AE00DA1FCA /* DKStatisticGroupIDs5E.m in Sources */,
				B36BF33D1A7351D700979EE9 /* DKModifierGroup.m in Sources */,
				B3E40D511A57E430004342F3 /* DKConstants.m in Sources */,
				B323F4751B43C41900DA1FCA /* DKSpellbook5E.m in Sources */,
				B3C605EB1A722F83007FADAB /* DKDiceCollection.m in Sources */,
				B3C605D51A68F90E007FADAB /* DKProficientStatistic.m in Sources */,
				B323F46D1B43C41900DA1FCA /* DKCurrency5E.m in Sources */,
				B3E40D3E1A57D20C004342F3 /* DKModifier.m in Sources */,
				B36BF3411A737C1300979EE9 /* DKStatisticIDs5E.m in Sources */,
				B3E40D3A1A57D20C004342F3 /* DKStatisticGroup.m in Sources */,
				B3565E101B39368900C86DC1 /* DKArmor5E.m in Sources */,
				B3BB9EE51AEF553000012A3B /* DKClass5E.m in Sources */,
			);
			runOnlyForDeploymentPostprocessing = 0;
		};
		B32C77391A494A2700870150 /* Sources */ = {
			isa = PBXSourcesBuildPhase;
			buildActionMask = 2147483647;
			files = (
				B32C77451A494A2700870150 /* DungeonKitTests.m in Sources */,
				B3C605E71A720E72007FADAB /* DKSkillsTests.m in Sources */,
				B3F5883C1A5BE2D400E6A745 /* DKSavingThrowsTests.m in Sources */,
				B36BF32F1A72337B00979EE9 /* DKDiceTests.m in Sources */,
				B3E40D611A5A4D66004342F3 /* DKDependentModifierTests.m in Sources */,
				B32222661AEA144300EE0DD6 /* DKModifierGroupTests.m in Sources */,
				B3E40D5C1A57E53B004342F3 /* DKModifierTests.m in Sources */,
				B3565E121B39584B00C86DC1 /* DKEquipmentTests.m in Sources */,
				B3E40D5A1A57E53B004342F3 /* DKAbilityScoreTests.m in Sources */,
				B3E40D5F1A57E587004342F3 /* DKCharacter5ETests.m in Sources */,
				B3C605D71A691282007FADAB /* DKProficientStatisticTests.m in Sources */,
				B36F2D751AFF53A80079263C /* DKDiceCollectionTests.m in Sources */,
				B3E40D591A57E53B004342F3 /* DKAbilitiesTests.m in Sources */,
				B3E40D5D1A57E53B004342F3 /* DKStatisticTests.m in Sources */,
				B36BF3351A7251FF00979EE9 /* DKCurrencyTests.m in Sources */,
				B3E40D5B1A57E53B004342F3 /* DKCharacterTests.m in Sources */,
			);
			runOnlyForDeploymentPostprocessing = 0;
		};
/* End PBXSourcesBuildPhase section */

/* Begin PBXTargetDependency section */
		B32C77401A494A2700870150 /* PBXTargetDependency */ = {
			isa = PBXTargetDependency;
			target = B32C77311A494A2700870150 /* DungeonKit */;
			targetProxy = B32C773F1A494A2700870150 /* PBXContainerItemProxy */;
		};
/* End PBXTargetDependency section */

/* Begin XCBuildConfiguration section */
		B32C77461A494A2700870150 /* Debug */ = {
			isa = XCBuildConfiguration;
			buildSettings = {
				ALWAYS_SEARCH_USER_PATHS = NO;
				CLANG_CXX_LANGUAGE_STANDARD = "gnu++0x";
				CLANG_CXX_LIBRARY = "libc++";
				CLANG_ENABLE_MODULES = YES;
				CLANG_ENABLE_OBJC_ARC = YES;
				CLANG_WARN_BOOL_CONVERSION = YES;
				CLANG_WARN_CONSTANT_CONVERSION = YES;
				CLANG_WARN_DIRECT_OBJC_ISA_USAGE = YES_ERROR;
				CLANG_WARN_EMPTY_BODY = YES;
				CLANG_WARN_ENUM_CONVERSION = YES;
				CLANG_WARN_INT_CONVERSION = YES;
				CLANG_WARN_OBJC_ROOT_CLASS = YES_ERROR;
				CLANG_WARN_UNREACHABLE_CODE = YES;
				CLANG_WARN__DUPLICATE_METHOD_MATCH = YES;
				"CODE_SIGN_IDENTITY[sdk=iphoneos*]" = "iPhone Developer";
				COPY_PHASE_STRIP = NO;
				CURRENT_PROJECT_VERSION = 1;
				ENABLE_STRICT_OBJC_MSGSEND = YES;
				GCC_C_LANGUAGE_STANDARD = gnu99;
				GCC_DYNAMIC_NO_PIC = NO;
				GCC_OPTIMIZATION_LEVEL = 0;
				GCC_PREPROCESSOR_DEFINITIONS = (
					"DEBUG=1",
					"$(inherited)",
				);
				GCC_SYMBOLS_PRIVATE_EXTERN = NO;
				GCC_WARN_64_TO_32_BIT_CONVERSION = YES;
				GCC_WARN_ABOUT_RETURN_TYPE = YES_ERROR;
				GCC_WARN_UNDECLARED_SELECTOR = YES;
				GCC_WARN_UNINITIALIZED_AUTOS = YES_AGGRESSIVE;
				GCC_WARN_UNUSED_FUNCTION = YES;
				GCC_WARN_UNUSED_VARIABLE = YES;
				IPHONEOS_DEPLOYMENT_TARGET = 8.1;
				MTL_ENABLE_DEBUG_INFO = YES;
				ONLY_ACTIVE_ARCH = YES;
				SDKROOT = iphoneos;
				TARGETED_DEVICE_FAMILY = "1,2";
				VERSIONING_SYSTEM = "apple-generic";
				VERSION_INFO_PREFIX = "";
			};
			name = Debug;
		};
		B32C77471A494A2700870150 /* Release */ = {
			isa = XCBuildConfiguration;
			buildSettings = {
				ALWAYS_SEARCH_USER_PATHS = NO;
				CLANG_CXX_LANGUAGE_STANDARD = "gnu++0x";
				CLANG_CXX_LIBRARY = "libc++";
				CLANG_ENABLE_MODULES = YES;
				CLANG_ENABLE_OBJC_ARC = YES;
				CLANG_WARN_BOOL_CONVERSION = YES;
				CLANG_WARN_CONSTANT_CONVERSION = YES;
				CLANG_WARN_DIRECT_OBJC_ISA_USAGE = YES_ERROR;
				CLANG_WARN_EMPTY_BODY = YES;
				CLANG_WARN_ENUM_CONVERSION = YES;
				CLANG_WARN_INT_CONVERSION = YES;
				CLANG_WARN_OBJC_ROOT_CLASS = YES_ERROR;
				CLANG_WARN_UNREACHABLE_CODE = YES;
				CLANG_WARN__DUPLICATE_METHOD_MATCH = YES;
				"CODE_SIGN_IDENTITY[sdk=iphoneos*]" = "iPhone Developer";
				COPY_PHASE_STRIP = YES;
				CURRENT_PROJECT_VERSION = 1;
				ENABLE_NS_ASSERTIONS = NO;
				ENABLE_STRICT_OBJC_MSGSEND = YES;
				GCC_C_LANGUAGE_STANDARD = gnu99;
				GCC_WARN_64_TO_32_BIT_CONVERSION = YES;
				GCC_WARN_ABOUT_RETURN_TYPE = YES_ERROR;
				GCC_WARN_UNDECLARED_SELECTOR = YES;
				GCC_WARN_UNINITIALIZED_AUTOS = YES_AGGRESSIVE;
				GCC_WARN_UNUSED_FUNCTION = YES;
				GCC_WARN_UNUSED_VARIABLE = YES;
				IPHONEOS_DEPLOYMENT_TARGET = 8.1;
				MTL_ENABLE_DEBUG_INFO = NO;
				SDKROOT = iphoneos;
				TARGETED_DEVICE_FAMILY = "1,2";
				VALIDATE_PRODUCT = YES;
				VERSIONING_SYSTEM = "apple-generic";
				VERSION_INFO_PREFIX = "";
			};
			name = Release;
		};
		B32C77491A494A2700870150 /* Debug */ = {
			isa = XCBuildConfiguration;
			buildSettings = {
				DEFINES_MODULE = YES;
				DYLIB_COMPATIBILITY_VERSION = 1;
				DYLIB_CURRENT_VERSION = 1;
				DYLIB_INSTALL_NAME_BASE = "@rpath";
				INFOPLIST_FILE = DungeonKit/Info.plist;
				INSTALL_PATH = "$(LOCAL_LIBRARY_DIR)/Frameworks";
				LD_RUNPATH_SEARCH_PATHS = "$(inherited) @executable_path/Frameworks @loader_path/Frameworks";
				PRODUCT_NAME = "$(TARGET_NAME)";
				SKIP_INSTALL = YES;
			};
			name = Debug;
		};
		B32C774A1A494A2700870150 /* Release */ = {
			isa = XCBuildConfiguration;
			buildSettings = {
				DEFINES_MODULE = YES;
				DYLIB_COMPATIBILITY_VERSION = 1;
				DYLIB_CURRENT_VERSION = 1;
				DYLIB_INSTALL_NAME_BASE = "@rpath";
				INFOPLIST_FILE = DungeonKit/Info.plist;
				INSTALL_PATH = "$(LOCAL_LIBRARY_DIR)/Frameworks";
				LD_RUNPATH_SEARCH_PATHS = "$(inherited) @executable_path/Frameworks @loader_path/Frameworks";
				PRODUCT_NAME = "$(TARGET_NAME)";
				SKIP_INSTALL = YES;
			};
			name = Release;
		};
		B32C774C1A494A2700870150 /* Debug */ = {
			isa = XCBuildConfiguration;
			buildSettings = {
				FRAMEWORK_SEARCH_PATHS = (
					"$(SDKROOT)/Developer/Library/Frameworks",
					"$(inherited)",
				);
				GCC_PREPROCESSOR_DEFINITIONS = (
					"DEBUG=1",
					"$(inherited)",
				);
				INFOPLIST_FILE = DungeonKitTests/Info.plist;
				LD_RUNPATH_SEARCH_PATHS = "$(inherited) @executable_path/Frameworks @loader_path/Frameworks";
				PRODUCT_NAME = "$(TARGET_NAME)";
			};
			name = Debug;
		};
		B32C774D1A494A2700870150 /* Release */ = {
			isa = XCBuildConfiguration;
			buildSettings = {
				FRAMEWORK_SEARCH_PATHS = (
					"$(SDKROOT)/Developer/Library/Frameworks",
					"$(inherited)",
				);
				INFOPLIST_FILE = DungeonKitTests/Info.plist;
				LD_RUNPATH_SEARCH_PATHS = "$(inherited) @executable_path/Frameworks @loader_path/Frameworks";
				PRODUCT_NAME = "$(TARGET_NAME)";
			};
			name = Release;
		};
/* End XCBuildConfiguration section */

/* Begin XCConfigurationList section */
		B32C772C1A494A2700870150 /* Build configuration list for PBXProject "DungeonKit" */ = {
			isa = XCConfigurationList;
			buildConfigurations = (
				B32C77461A494A2700870150 /* Debug */,
				B32C77471A494A2700870150 /* Release */,
			);
			defaultConfigurationIsVisible = 0;
			defaultConfigurationName = Release;
		};
		B32C77481A494A2700870150 /* Build configuration list for PBXNativeTarget "DungeonKit" */ = {
			isa = XCConfigurationList;
			buildConfigurations = (
				B32C77491A494A2700870150 /* Debug */,
				B32C774A1A494A2700870150 /* Release */,
			);
			defaultConfigurationIsVisible = 0;
			defaultConfigurationName = Release;
		};
		B32C774B1A494A2700870150 /* Build configuration list for PBXNativeTarget "DungeonKitTests" */ = {
			isa = XCConfigurationList;
			buildConfigurations = (
				B32C774C1A494A2700870150 /* Debug */,
				B32C774D1A494A2700870150 /* Release */,
			);
			defaultConfigurationIsVisible = 0;
			defaultConfigurationName = Release;
		};
/* End XCConfigurationList section */
	};
	rootObject = B32C77291A494A2700870150 /* Project object */;
}
